
Microsoft Visual Studio Solution File, Format Version 12.00
# Visual Studio Version 17
VisualStudioVersion = 17.8.34330.188
MinimumVisualStudioVersion = 10.0.40219.1
Project("{9A19103F-16F7-4668-BE54-9A1E7A4F7556}") = "MatchLeauge.BLL", "MatchLeauge.BLL\MatchLeauge.BLL.csproj", "{2AF4A17E-68DD-46EC-8289-8AB5CC72AAD5}"
EndProject
Project("{FAE04EC0-301F-11D3-BF4B-00C04F79EFBC}") = "MatchLeauge.DAL", "MatchLeauge.DAL\MatchLeauge.DAL.csproj", "{B10F27D8-3040-4110-91E1-9456CB60BFF3}"
EndProject
Project("{2150E333-8FDC-42A3-9474-1A3956D46DE8}") = "UI", "UI", "{40E89B41-D192-435E-8DE2-A1BCA4814B95}"
EndProject
Project("{2150E333-8FDC-42A3-9474-1A3956D46DE8}") = "NLayer", "NLayer", "{314AC79F-44E7-43FE-A898-6742925D1F04}"
EndProject
Project("{FAE04EC0-301F-11D3-BF4B-00C04F79EFBC}") = "MatchLeauge.Service", "MatchLeauge.Service\MatchLeauge.Service.csproj", "{C88A47B4-AC30-4AC2-9AF5-03EFF876F670}"
EndProject
Project("{FAE04EC0-301F-11D3-BF4B-00C04F79EFBC}") = "MatchLeauge.WEB", "MatchLeauge.WEB\MatchLeauge.WEB.csproj", "{5E79477F-0758-4BD9-9902-C85F18847E36}"
EndProject
Project("{FAE04EC0-301F-11D3-BF4B-00C04F79EFBC}") = "MatchLeauge.API", "MatchLeauge.API\MatchLeauge.API.csproj", "{A1017421-986A-4B7D-BF5F-2D3371FAB166}"
EndProject
Global
	GlobalSection(SolutionConfigurationPlatforms) = preSolution
		Debug|Any CPU = Debug|Any CPU
		Release|Any CPU = Release|Any CPU
	EndGlobalSection
	GlobalSection(ProjectConfigurationPlatforms) = postSolution
		{2AF4A17E-68DD-46EC-8289-8AB5CC72AAD5}.Debug|Any CPU.ActiveCfg = Debug|Any CPU
		{2AF4A17E-68DD-46EC-8289-8AB5CC72AAD5}.Debug|Any CPU.Build.0 = Debug|Any CPU
		{2AF4A17E-68DD-46EC-8289-8AB5CC72AAD5}.Release|Any CPU.ActiveCfg = Release|Any CPU
		{2AF4A17E-68DD-46EC-8289-8AB5CC72AAD5}.Release|Any CPU.Build.0 = Release|Any CPU
		{B10F27D8-3040-4110-91E1-9456CB60BFF3}.Debug|Any CPU.ActiveCfg = Debug|Any CPU
		{B10F27D8-3040-4110-91E1-9456CB60BFF3}.Debug|Any CPU.Build.0 = Debug|Any CPU
		{B10F27D8-3040-4110-91E1-9456CB60BFF3}.Release|Any CPU.ActiveCfg = Release|Any CPU
		{B10F27D8-3040-4110-91E1-9456CB60BFF3}.Release|Any CPU.Build.0 = Release|Any CPU
		{C88A47B4-AC30-4AC2-9AF5-03EFF876F670}.Debug|Any CPU.ActiveCfg = Debug|Any CPU
		{C88A47B4-AC30-4AC2-9AF5-03EFF876F670}.Debug|Any CPU.Build.0 = Debug|Any CPU
		{C88A47B4-AC30-4AC2-9AF5-03EFF876F670}.Release|Any CPU.ActiveCfg = Release|Any CPU
		{C88A47B4-AC30-4AC2-9AF5-03EFF876F670}.Release|Any CPU.Build.0 = Release|Any CPU
		{5E79477F-0758-4BD9-9902-C85F18847E36}.Debug|Any CPU.ActiveCfg = Debug|Any CPU
		{5E79477F-0758-4BD9-9902-C85F18847E36}.Debug|Any CPU.Build.0 = Debug|Any CPU
		{5E79477F-0758-4BD9-9902-C85F18847E36}.Release|Any CPU.ActiveCfg = Release|Any CPU
		{5E79477F-0758-4BD9-9902-C85F18847E36}.Release|Any CPU.Build.0 = Release|Any CPU
		{A1017421-986A-4B7D-BF5F-2D3371FAB166}.Debug|Any CPU.ActiveCfg = Debug|Any CPU
		{A1017421-986A-4B7D-BF5F-2D3371FAB166}.Debug|Any CPU.Build.0 = Debug|Any CPU
		{A1017421-986A-4B7D-BF5F-2D3371FAB166}.Release|Any CPU.ActiveCfg = Release|Any CPU
		{A1017421-986A-4B7D-BF5F-2D3371FAB166}.Release|Any CPU.Build.0 = Release|Any CPU
	EndGlobalSection
	GlobalSection(SolutionProperties) = preSolution
		HideSolutionNode = FALSE
	EndGlobalSection
	GlobalSection(NestedProjects) = preSolution
		{2AF4A17E-68DD-46EC-8289-8AB5CC72AAD5} = {314AC79F-44E7-43FE-A898-6742925D1F04}
		{B10F27D8-3040-4110-91E1-9456CB60BFF3} = {314AC79F-44E7-43FE-A898-6742925D1F04}
		{C88A47B4-AC30-4AC2-9AF5-03EFF876F670} = {314AC79F-44E7-43FE-A898-6742925D1F04}
		{5E79477F-0758-4BD9-9902-C85F18847E36} = {40E89B41-D192-435E-8DE2-A1BCA4814B95}
		{A1017421-986A-4B7D-BF5F-2D3371FAB166} = {40E89B41-D192-435E-8DE2-A1BCA4814B95}
	EndGlobalSection
	GlobalSection(ExtensibilityGlobals) = postSolution
		SolutionGuid = {D6F9BEE6-7369-4D85-BC6E-1AF08790C05A}
	EndGlobalSection
EndGlobal
